
Microsoft Visual Studio Solution File, Format Version 12.00
# Visual Studio Version 17
VisualStudioVersion = 17.1.32414.318
MinimumVisualStudioVersion = 10.0.40219.1
Project("{FAE04EC0-301F-11D3-BF4B-00C04F79EFBC}") = "Piotr.Biernat.Service3", "Piotr.Biernat.Service3\Piotr.Biernat.Service3.csproj", "{F8626122-01FB-4682-9D47-56ECEE974701}"
EndProject
Project("{F2A71F9B-5D33-465A-A702-920D77279786}") = "Piotr.Biernat.Service3.Tests", "Piotr.Biernat.Service3.Tests\Piotr.Biernat.Service3.Tests.fsproj", "{4103B12F-BF28-4091-BC8B-3F0DC21FEBC7}"
EndProject
Global
	GlobalSection(SolutionConfigurationPlatforms) = preSolution
		Debug|Any CPU = Debug|Any CPU
		Release|Any CPU = Release|Any CPU
	EndGlobalSection
	GlobalSection(ProjectConfigurationPlatforms) = postSolution
		{F8626122-01FB-4682-9D47-56ECEE974701}.Debug|Any CPU.ActiveCfg = Debug|Any CPU
		{F8626122-01FB-4682-9D47-56ECEE974701}.Debug|Any CPU.Build.0 = Debug|Any CPU
		{F8626122-01FB-4682-9D47-56ECEE974701}.Release|Any CPU.ActiveCfg = Release|Any CPU
		{F8626122-01FB-4682-9D47-56ECEE974701}.Release|Any CPU.Build.0 = Release|Any CPU
		{4103B12F-BF28-4091-BC8B-3F0DC21FEBC7}.Debug|Any CPU.ActiveCfg = Debug|Any CPU
		{4103B12F-BF28-4091-BC8B-3F0DC21FEBC7}.Debug|Any CPU.Build.0 = Debug|Any CPU
		{4103B12F-BF28-4091-BC8B-3F0DC21FEBC7}.Release|Any CPU.ActiveCfg = Release|Any CPU
		{4103B12F-BF28-4091-BC8B-3F0DC21FEBC7}.Release|Any CPU.Build.0 = Release|Any CPU
	EndGlobalSection
	GlobalSection(SolutionProperties) = preSolution
		HideSolutionNode = FALSE
	EndGlobalSection
	GlobalSection(ExtensibilityGlobals) = postSolution
		SolutionGuid = {11243C36-D314-4CF4-BE07-858F3C332970}
	EndGlobalSection
EndGlobal
