
Microsoft Visual Studio Solution File, Format Version 12.00
# Visual Studio Version 17
VisualStudioVersion = 17.1.32414.318
MinimumVisualStudioVersion = 10.0.40219.1
Project("{9A19103F-16F7-4668-BE54-9A1E7A4F7556}") = "Piotr.Biernat.Service2", "Piotr.Biernat.Service2\Piotr.Biernat.Service2.csproj", "{3A63FC10-8C5A-45DB-8A30-E00E240E3C13}"
EndProject
Project("{F2A71F9B-5D33-465A-A702-920D77279786}") = "Piotr.Biernat.Service2.Tests", "Piotr.Biernat.Service2.Tests\Piotr.Biernat.Service2.Tests.fsproj", "{A3D9A956-8CCA-42E7-9EEE-FC710CAC0B50}"
EndProject
Global
	GlobalSection(SolutionConfigurationPlatforms) = preSolution
		Debug|Any CPU = Debug|Any CPU
		Release|Any CPU = Release|Any CPU
	EndGlobalSection
	GlobalSection(ProjectConfigurationPlatforms) = postSolution
		{3A63FC10-8C5A-45DB-8A30-E00E240E3C13}.Debug|Any CPU.ActiveCfg = Debug|Any CPU
		{3A63FC10-8C5A-45DB-8A30-E00E240E3C13}.Debug|Any CPU.Build.0 = Debug|Any CPU
		{3A63FC10-8C5A-45DB-8A30-E00E240E3C13}.Release|Any CPU.ActiveCfg = Release|Any CPU
		{3A63FC10-8C5A-45DB-8A30-E00E240E3C13}.Release|Any CPU.Build.0 = Release|Any CPU
		{A3D9A956-8CCA-42E7-9EEE-FC710CAC0B50}.Debug|Any CPU.ActiveCfg = Debug|Any CPU
		{A3D9A956-8CCA-42E7-9EEE-FC710CAC0B50}.Debug|Any CPU.Build.0 = Debug|Any CPU
		{A3D9A956-8CCA-42E7-9EEE-FC710CAC0B50}.Release|Any CPU.ActiveCfg = Release|Any CPU
		{A3D9A956-8CCA-42E7-9EEE-FC710CAC0B50}.Release|Any CPU.Build.0 = Release|Any CPU
	EndGlobalSection
	GlobalSection(SolutionProperties) = preSolution
		HideSolutionNode = FALSE
	EndGlobalSection
	GlobalSection(ExtensibilityGlobals) = postSolution
		SolutionGuid = {6C3EBA9C-6FAA-4A6B-8DD1-5AE296076B38}
	EndGlobalSection
EndGlobal
